
Microsoft Visual Studio Solution File, Format Version 12.00
# Visual Studio Version 17
VisualStudioVersion = 17.1.32210.238
MinimumVisualStudioVersion = 10.0.40219.1
Project("{9A19103F-16F7-4668-BE54-9A1E7A4F7556}") = "Headway.Dynamo", "Headway.Dynamo.csproj", "{A85922F6-78DF-4E8F-BE35-1AE5897EF67C}"
EndProject
Project("{9A19103F-16F7-4668-BE54-9A1E7A4F7556}") = "Headway.Dynamo.Http", "Http\Headway.Dynamo.Http.csproj", "{99E03516-184B-4FA9-B1E9-93E931D3BF45}"
EndProject
Project("{FAE04EC0-301F-11D3-BF4B-00C04F79EFBC}") = "Headway.Dynamo.UnitTests", "UnitTests\Headway.Dynamo.UnitTests.csproj", "{3169C5A6-B621-4A34-96FA-C0DF423D87BF}"
EndProject
Global
	GlobalSection(SolutionConfigurationPlatforms) = preSolution
		Debug|Any CPU = Debug|Any CPU
		Release|Any CPU = Release|Any CPU
	EndGlobalSection
	GlobalSection(ProjectConfigurationPlatforms) = postSolution
		{A85922F6-78DF-4E8F-BE35-1AE5897EF67C}.Debug|Any CPU.ActiveCfg = Debug|Any CPU
		{A85922F6-78DF-4E8F-BE35-1AE5897EF67C}.Debug|Any CPU.Build.0 = Debug|Any CPU
		{A85922F6-78DF-4E8F-BE35-1AE5897EF67C}.Release|Any CPU.ActiveCfg = Release|Any CPU
		{A85922F6-78DF-4E8F-BE35-1AE5897EF67C}.Release|Any CPU.Build.0 = Release|Any CPU
		{99E03516-184B-4FA9-B1E9-93E931D3BF45}.Debug|Any CPU.ActiveCfg = Debug|Any CPU
		{99E03516-184B-4FA9-B1E9-93E931D3BF45}.Debug|Any CPU.Build.0 = Debug|Any CPU
		{99E03516-184B-4FA9-B1E9-93E931D3BF45}.Release|Any CPU.ActiveCfg = Release|Any CPU
		{99E03516-184B-4FA9-B1E9-93E931D3BF45}.Release|Any CPU.Build.0 = Release|Any CPU
		{3169C5A6-B621-4A34-96FA-C0DF423D87BF}.Debug|Any CPU.ActiveCfg = Debug|Any CPU
		{3169C5A6-B621-4A34-96FA-C0DF423D87BF}.Debug|Any CPU.Build.0 = Debug|Any CPU
		{3169C5A6-B621-4A34-96FA-C0DF423D87BF}.Release|Any CPU.ActiveCfg = Release|Any CPU
		{3169C5A6-B621-4A34-96FA-C0DF423D87BF}.Release|Any CPU.Build.0 = Release|Any CPU
	EndGlobalSection
	GlobalSection(SolutionProperties) = preSolution
		HideSolutionNode = FALSE
	EndGlobalSection
	GlobalSection(ExtensibilityGlobals) = postSolution
		SolutionGuid = {15628AA9-DC7E-44E3-B865-2C09C35D6952}
	EndGlobalSection
EndGlobal
